// !$*UTF8*$!
{
	archiveVersion = 1;
	classes = {
	};
	objectVersion = 46;
	objects = {

/* Begin PBXBuildFile section */
		137DB8E515132CAA007277B4 /* UIKit.framework in Frameworks */ = {isa = PBXBuildFile; fileRef = 137DB8E415132CAA007277B4 /* UIKit.framework */; };
		137DB8E715132CAA007277B4 /* Foundation.framework in Frameworks */ = {isa = PBXBuildFile; fileRef = 137DB8E615132CAA007277B4 /* Foundation.framework */; };
		137DB8E915132CAA007277B4 /* CoreGraphics.framework in Frameworks */ = {isa = PBXBuildFile; fileRef = 137DB8E815132CAA007277B4 /* CoreGraphics.framework */; };
		137DB8EF15132CAA007277B4 /* InfoPlist.strings in Resources */ = {isa = PBXBuildFile; fileRef = 137DB8ED15132CAA007277B4 /* InfoPlist.strings */; };
		137DB8F115132CAA007277B4 /* main.m in Sources */ = {isa = PBXBuildFile; fileRef = 137DB8F015132CAA007277B4 /* main.m */; };
		137DB8F515132CAA007277B4 /* AppDelegate.m in Sources */ = {isa = PBXBuildFile; fileRef = 137DB8F415132CAA007277B4 /* AppDelegate.m */; };
/* End PBXBuildFile section */

/* Begin PBXFileReference section */
		137DB8E015132CAA007277B4 /* Paparazzi4.app */ = {isa = PBXFileReference; explicitFileType = wrapper.application; includeInIndex = 0; path = Paparazzi4.app; sourceTree = BUILT_PRODUCTS_DIR; };
		137DB8E415132CAA007277B4 /* UIKit.framework */ = {isa = PBXFileReference; lastKnownFileType = wrapper.framework; name = UIKit.framework; path = System/Library/Frameworks/UIKit.framework; sourceTree = SDKROOT; };
		137DB8E615132CAA007277B4 /* Foundation.framework */ = {isa = PBXFileReference; lastKnownFileType = wrapper.framework; name = Foundation.framework; path = System/Library/Frameworks/Foundation.framework; sourceTree = SDKROOT; };
		137DB8E815132CAA007277B4 /* CoreGraphics.framework */ = {isa = PBXFileReference; lastKnownFileType = wrapper.framework; name = CoreGraphics.framework; path = System/Library/Frameworks/CoreGraphics.framework; sourceTree = SDKROOT; };
		137DB8EC15132CAA007277B4 /* Paparazzi4-Info.plist */ = {isa = PBXFileReference; path = "Paparazzi4-Info.plist"; sourceTree = "<group>"; };
		137DB8EE15132CAA007277B4 /* en */ = {isa = PBXFileReference; lastKnownFileType = text.plist.strings; name = en; path = en.lproj/InfoPlist.strings; sourceTree = "<group>"; };
		137DB8F015132CAA007277B4 /* main.m */ = {isa = PBXFileReference; lastKnownFileType = sourcecode.c.objc; path = main.m; sourceTree = "<group>"; };
		137DB8F215132CAA007277B4 /* Paparazzi4-Prefix.pch */ = {isa = PBXFileReference; path = "Paparazzi4-Prefix.pch"; sourceTree = "<group>"; };
		137DB8F315132CAA007277B4 /* AppDelegate.h */ = {isa = PBXFileReference; path = AppDelegate.h; sourceTree = "<group>"; };
		137DB8F415132CAA007277B4 /* AppDelegate.m */ = {isa = PBXFileReference; lastKnownFileType = sourcecode.c.objc; path = AppDelegate.m; sourceTree = "<group>"; };
/* End PBXFileReference section */

/* Begin PBXFrameworksBuildPhase section */
		137DB8DD15132CAA007277B4 /* Frameworks */ = {
			isa = PBXFrameworksBuildPhase;
			buildActionMask = 2147483647;
			files = (
				137DB8E515132CAA007277B4 /* UIKit.framework in Frameworks */,
				137DB8E715132CAA007277B4 /* Foundation.framework in Frameworks */,
				137DB8E915132CAA007277B4 /* CoreGraphics.framework in Frameworks */,
			);
			runOnlyForDeploymentPostprocessing = 0;
		};
/* End PBXFrameworksBuildPhase section */

/* Begin PBXGroup section */
		137DB8D515132CAA007277B4 = {
			isa = PBXGroup;
			children = (
				137DB8EA15132CAA007277B4 /* Paparazzi4 */,
				137DB8E315132CAA007277B4 /* Frameworks */,
				137DB8E115132CAA007277B4 /* Products */,
			);
			sourceTree = "<group>";
		};
		137DB8E115132CAA007277B4 /* Products */ = {
			isa = PBXGroup;
			children = (
				137DB8E015132CAA007277B4 /* Paparazzi4.app */,
			);
			name = Products;
			sourceTree = "<group>";
		};
		137DB8E315132CAA007277B4 /* Frameworks */ = {
			isa = PBXGroup;
			children = (
				137DB8E415132CAA007277B4 /* UIKit.framework */,
				137DB8E615132CAA007277B4 /* Foundation.framework */,
				137DB8E815132CAA007277B4 /* CoreGraphics.framework */,
			);
			name = Frameworks;
			sourceTree = "<group>";
		};
		137DB8EA15132CAA007277B4 /* Paparazzi4 */ = {
			isa = PBXGroup;
			children = (
				137DB8F315132CAA007277B4 /* AppDelegate.h */,
				137DB8F415132CAA007277B4 /* AppDelegate.m */,
				137DB8EB15132CAA007277B4 /* Supporting Files */,
			);
			path = Paparazzi4;
			sourceTree = "<group>";
		};
		137DB8EB15132CAA007277B4 /* Supporting Files */ = {
			isa = PBXGroup;
			children = (
				137DB8EC15132CAA007277B4 /* Paparazzi4-Info.plist */,
				137DB8ED15132CAA007277B4 /* InfoPlist.strings */,
				137DB8F015132CAA007277B4 /* main.m */,
				137DB8F215132CAA007277B4 /* Paparazzi4-Prefix.pch */,
			);
			name = "Supporting Files";
			sourceTree = "<group>";
		};
/* End PBXGroup section */

/* Begin PBXNativeTarget section */
		137DB8DF15132CAA007277B4 /* Paparazzi4 */ = {
			isa = PBXNativeTarget;
			buildConfigurationList = 137DB8F815132CAA007277B4 /* Build configuration list for PBXNativeTarget "Paparazzi4" */;
			buildPhases = (
				137DB8DC15132CAA007277B4 /* Sources */,
				137DB8DD15132CAA007277B4 /* Frameworks */,
				137DB8DE15132CAA007277B4 /* Resources */,
			);
			buildRules = (
			);
			dependencies = (
			);
			name = Paparazzi4;
			productName = Paparazzi4;
			productReference = 137DB8E015132CAA007277B4 /* Paparazzi4.app */;
			productType = "com.apple.product-type.application";
		};
/* End PBXNativeTarget section */

/* Begin PBXProject section */
		137DB8D715132CAA007277B4 /* Project object */ = {
			isa = PBXProject;
			attributes = {
				LastUpgradeCheck = 0420;
			};
			buildConfigurationList = 137DB8DA15132CAA007277B4 /* Build configuration list for PBXProject "Paparazzi4" */;
			compatibilityVersion = "Xcode 3.2";
			developmentRegion = English;
			hasScannedForEncodings = 0;
			knownRegions = (
				en,
			);
			mainGroup = 137DB8D515132CAA007277B4;
			productRefGroup = 137DB8E115132CAA007277B4 /* Products */;
			projectDirPath = "";
			projectRoot = "";
			targets = (
				137DB8DF15132CAA007277B4 /* Paparazzi4 */,
			);
		};
/* End PBXProject section */

/* Begin PBXResourcesBuildPhase section */
		137DB8DE15132CAA007277B4 /* Resources */ = {
			isa = PBXResourcesBuildPhase;
			buildActionMask = 2147483647;
			files = (
				137DB8EF15132CAA007277B4 /* InfoPlist.strings in Resources */,
			);
			runOnlyForDeploymentPostprocessing = 0;
		};
/* End PBXResourcesBuildPhase section */

/* Begin PBXSourcesBuildPhase section */
		137DB8DC15132CAA007277B4 /* Sources */ = {
			isa = PBXSourcesBuildPhase;
			buildActionMask = 2147483647;
			files = (
				137DB8F115132CAA007277B4 /* main.m in Sources */,
				137DB8F515132CAA007277B4 /* AppDelegate.m in Sources */,
			);
			runOnlyForDeploymentPostprocessing = 0;
		};
/* End PBXSourcesBuildPhase section */

/* Begin PBXVariantGroup section */
		137DB8ED15132CAA007277B4 /* InfoPlist.strings */ = {
			isa = PBXVariantGroup;
			children = (
				137DB8EE15132CAA007277B4 /* en */,
			);
			name = InfoPlist.strings;
			sourceTree = "<group>";
		};
/* End PBXVariantGroup section */

/* Begin XCBuildConfiguration section */
		137DB8F615132CAA007277B4 /* Debug */ = {
			isa = XCBuildConfiguration;
			buildSettings = {
				ALWAYS_SEARCH_USER_PATHS = NO;
				ARCHS = "$(ARCHS_STANDARD_32_BIT)";
				"CODE_SIGN_IDENTITY[sdk=iphoneos*]" = "iPhone Developer";
				COPY_PHASE_STRIP = NO;
				GCC_C_LANGUAGE_STANDARD = gnu99;
				GCC_DYNAMIC_NO_PIC = NO;
				GCC_OPTIMIZATION_LEVEL = 0;
				GCC_PREPROCESSOR_DEFINITIONS = (
					"DEBUG=1",
					"$(inherited)",
				);
				GCC_SYMBOLS_PRIVATE_EXTERN = NO;
				GCC_VERSION = com.apple.compilers.llvm.clang.1_0;
				GCC_WARN_ABOUT_MISSING_PROTOTYPES = YES;
				GCC_WARN_ABOUT_RETURN_TYPE = YES;
				GCC_WARN_UNUSED_VARIABLE = YES;
				IPHONEOS_DEPLOYMENT_TARGET = 5.0;
				SDKROOT = iphoneos;
				TARGETED_DEVICE_FAMILY = "1,2";
			};
			name = Debug;
		};
		137DB8F715132CAA007277B4 /* Release */ = {
			isa = XCBuildConfiguration;
			buildSettings = {
				ALWAYS_SEARCH_USER_PATHS = NO;
				ARCHS = "$(ARCHS_STANDARD_32_BIT)";
				"CODE_SIGN_IDENTITY[sdk=iphoneos*]" = "iPhone Developer";
				COPY_PHASE_STRIP = YES;
				GCC_C_LANGUAGE_STANDARD = gnu99;
				GCC_VERSION = com.apple.compilers.llvm.clang.1_0;
				GCC_WARN_ABOUT_MISSING_PROTOTYPES = YES;
				GCC_WARN_ABOUT_RETURN_TYPE = YES;
				GCC_WARN_UNUSED_VARIABLE = YES;
				IPHONEOS_DEPLOYMENT_TARGET = 5.0;
				OTHER_CFLAGS = "-DNS_BLOCK_ASSERTIONS=1";
				SDKROOT = iphoneos;
				TARGETED_DEVICE_FAMILY = "1,2";
				VALIDATE_PRODUCT = YES;
			};
			name = Release;
		};
		137DB8F915132CAA007277B4 /* Debug */ = {
			isa = XCBuildConfiguration;
			buildSettings = {
				GCC_PRECOMPILE_PREFIX_HEADER = YES;
				GCC_PREFIX_HEADER = "Paparazzi4/Paparazzi4-Prefix.pch";
				INFOPLIST_FILE = "Paparazzi4/Paparazzi4-Info.plist";
				PRODUCT_NAME = "$(TARGET_NAME)";
				WRAPPER_EXTENSION = app;
			};
			name = Debug;
		};
		137DB8FA15132CAA007277B4 /* Release */ = {
			isa = XCBuildConfiguration;
			buildSettings = {
				GCC_PRECOMPILE_PREFIX_HEADER = YES;
				GCC_PREFIX_HEADER = "Paparazzi4/Paparazzi4-Prefix.pch";
				INFOPLIST_FILE = "Paparazzi4/Paparazzi4-Info.plist";
				PRODUCT_NAME = "$(TARGET_NAME)";
				WRAPPER_EXTENSION = app;
			};
			name = Release;
		};
/* End XCBuildConfiguration section */

/* Begin XCConfigurationList section */
		137DB8DA15132CAA007277B4 /* Build configuration list for PBXProject "Paparazzi4" */ = {
			isa = XCConfigurationList;
			buildConfigurations = (
				137DB8F615132CAA007277B4 /* Debug */,
				137DB8F715132CAA007277B4 /* Release */,
			);
			defaultConfigurationIsVisible = 0;
			defaultConfigurationName = Release;
		};
		137DB8F815132CAA007277B4 /* Build configuration list for PBXNativeTarget "Paparazzi4" */ = {
			isa = XCConfigurationList;
			buildConfigurations = (
				137DB8F915132CAA007277B4 /* Debug */,
				137DB8FA15132CAA007277B4 /* Release */,
			);
			defaultConfigurationIsVisible = 0;
		};
/* End XCConfigurationList section */
	};
	rootObject = 137DB8D715132CAA007277B4 /* Project object */;
}
